// !$*UTF8*$!
{
	archiveVersion = 1;
	classes = {
	};
	objectVersion = 48;
	objects = {

/* Begin PBXBuildFile section */
		4C77E2A71FA6A1ED00AF42B4 /* AppDelegate.swift in Sources */ = {isa = PBXBuildFile; fileRef = 4C77E2A61FA6A1ED00AF42B4 /* AppDelegate.swift */; };
		4C77E2A91FA6A1ED00AF42B4 /* ViewController.swift in Sources */ = {isa = PBXBuildFile; fileRef = 4C77E2A81FA6A1ED00AF42B4 /* ViewController.swift */; };
		4C77E2AC1FA6A1ED00AF42B4 /* Main.storyboard in Resources */ = {isa = PBXBuildFile; fileRef = 4C77E2AA1FA6A1ED00AF42B4 /* Main.storyboard */; };
		4C77E2AE1FA6A1ED00AF42B4 /* Assets.xcassets in Resources */ = {isa = PBXBuildFile; fileRef = 4C77E2AD1FA6A1ED00AF42B4 /* Assets.xcassets */; };
		4C77E2B11FA6A1ED00AF42B4 /* LaunchScreen.storyboard in Resources */ = {isa = PBXBuildFile; fileRef = 4C77E2AF1FA6A1ED00AF42B4 /* LaunchScreen.storyboard */; };
		4C77E2BC1FA6A1ED00AF42B4 /* Lab3Tests.swift in Sources */ = {isa = PBXBuildFile; fileRef = 4C77E2BB1FA6A1ED00AF42B4 /* Lab3Tests.swift */; };
		4C77E2C71FA6A1ED00AF42B4 /* Lab3UITests.swift in Sources */ = {isa = PBXBuildFile; fileRef = 4C77E2C61FA6A1ED00AF42B4 /* Lab3UITests.swift */; };
		4C77E2D51FA6E8B000AF42B4 /* Geocache.swift in Sources */ = {isa = PBXBuildFile; fileRef = 4C77E2D41FA6E8B000AF42B4 /* Geocache.swift */; };
/* End PBXBuildFile section */

/* Begin PBXContainerItemProxy section */
		4C77E2B81FA6A1ED00AF42B4 /* PBXContainerItemProxy */ = {
			isa = PBXContainerItemProxy;
			containerPortal = 4C77E29B1FA6A1ED00AF42B4 /* Project object */;
			proxyType = 1;
			remoteGlobalIDString = 4C77E2A21FA6A1ED00AF42B4;
			remoteInfo = Lab3;
		};
		4C77E2C31FA6A1ED00AF42B4 /* PBXContainerItemProxy */ = {
			isa = PBXContainerItemProxy;
			containerPortal = 4C77E29B1FA6A1ED00AF42B4 /* Project object */;
			proxyType = 1;
			remoteGlobalIDString = 4C77E2A21FA6A1ED00AF42B4;
			remoteInfo = Lab3;
		};
/* End PBXContainerItemProxy section */

/* Begin PBXFileReference section */
		4C77E2A31FA6A1ED00AF42B4 /* Lab3.app */ = {isa = PBXFileReference; explicitFileType = wrapper.application; includeInIndex = 0; path = Lab3.app; sourceTree = BUILT_PRODUCTS_DIR; };
		4C77E2A61FA6A1ED00AF42B4 /* AppDelegate.swift */ = {isa = PBXFileReference; lastKnownFileType = sourcecode.swift; path = AppDelegate.swift; sourceTree = "<group>"; };
		4C77E2A81FA6A1ED00AF42B4 /* ViewController.swift */ = {isa = PBXFileReference; lastKnownFileType = sourcecode.swift; path = ViewController.swift; sourceTree = "<group>"; };
		4C77E2AB1FA6A1ED00AF42B4 /* Base */ = {isa = PBXFileReference; lastKnownFileType = file.storyboard; name = Base; path = Base.lproj/Main.storyboard; sourceTree = "<group>"; };
		4C77E2AD1FA6A1ED00AF42B4 /* Assets.xcassets */ = {isa = PBXFileReference; lastKnownFileType = folder.assetcatalog; path = Assets.xcassets; sourceTree = "<group>"; };
		4C77E2B01FA6A1ED00AF42B4 /* Base */ = {isa = PBXFileReference; lastKnownFileType = file.storyboard; name = Base; path = Base.lproj/LaunchScreen.storyboard; sourceTree = "<group>"; };
		4C77E2B21FA6A1ED00AF42B4 /* Info.plist */ = {isa = PBXFileReference; lastKnownFileType = text.plist.xml; path = Info.plist; sourceTree = "<group>"; };
		4C77E2B71FA6A1ED00AF42B4 /* Lab3Tests.xctest */ = {isa = PBXFileReference; explicitFileType = wrapper.cfbundle; includeInIndex = 0; path = Lab3Tests.xctest; sourceTree = BUILT_PRODUCTS_DIR; };
		4C77E2BB1FA6A1ED00AF42B4 /* Lab3Tests.swift */ = {isa = PBXFileReference; lastKnownFileType = sourcecode.swift; path = Lab3Tests.swift; sourceTree = "<group>"; };
		4C77E2BD1FA6A1ED00AF42B4 /* Info.plist */ = {isa = PBXFileReference; lastKnownFileType = text.plist.xml; path = Info.plist; sourceTree = "<group>"; };
		4C77E2C21FA6A1ED00AF42B4 /* Lab3UITests.xctest */ = {isa = PBXFileReference; explicitFileType = wrapper.cfbundle; includeInIndex = 0; path = Lab3UITests.xctest; sourceTree = BUILT_PRODUCTS_DIR; };
		4C77E2C61FA6A1ED00AF42B4 /* Lab3UITests.swift */ = {isa = PBXFileReference; lastKnownFileType = sourcecode.swift; path = Lab3UITests.swift; sourceTree = "<group>"; };
		4C77E2C81FA6A1ED00AF42B4 /* Info.plist */ = {isa = PBXFileReference; lastKnownFileType = text.plist.xml; path = Info.plist; sourceTree = "<group>"; };
		4C77E2D41FA6E8B000AF42B4 /* Geocache.swift */ = {isa = PBXFileReference; lastKnownFileType = sourcecode.swift; path = Geocache.swift; sourceTree = "<group>"; };
/* End PBXFileReference section */

/* Begin PBXFrameworksBuildPhase section */
		4C77E2A01FA6A1ED00AF42B4 /* Frameworks */ = {
			isa = PBXFrameworksBuildPhase;
			buildActionMask = 2147483647;
			files = (
			);
			runOnlyForDeploymentPostprocessing = 0;
		};
		4C77E2B41FA6A1ED00AF42B4 /* Frameworks */ = {
			isa = PBXFrameworksBuildPhase;
			buildActionMask = 2147483647;
			files = (
			);
			runOnlyForDeploymentPostprocessing = 0;
		};
		4C77E2BF1FA6A1ED00AF42B4 /* Frameworks */ = {
			isa = PBXFrameworksBuildPhase;
			buildActionMask = 2147483647;
			files = (
			);
			runOnlyForDeploymentPostprocessing = 0;
		};
/* End PBXFrameworksBuildPhase section */

/* Begin PBXGroup section */
		4C77E29A1FA6A1ED00AF42B4 = {
			isa = PBXGroup;
			children = (
				4C77E2A51FA6A1ED00AF42B4 /* Lab3 */,
				4C77E2BA1FA6A1ED00AF42B4 /* Lab3Tests */,
				4C77E2C51FA6A1ED00AF42B4 /* Lab3UITests */,
				4C77E2A41FA6A1ED00AF42B4 /* Products */,
			);
			sourceTree = "<group>";
		};
		4C77E2A41FA6A1ED00AF42B4 /* Products */ = {
			isa = PBXGroup;
			children = (
				4C77E2A31FA6A1ED00AF42B4 /* Lab3.app */,
				4C77E2B71FA6A1ED00AF42B4 /* Lab3Tests.xctest */,
				4C77E2C21FA6A1ED00AF42B4 /* Lab3UITests.xctest */,
			);
			name = Products;
			sourceTree = "<group>";
		};
		4C77E2A51FA6A1ED00AF42B4 /* Lab3 */ = {
			isa = PBXGroup;
			children = (
				4C77E2A61FA6A1ED00AF42B4 /* AppDelegate.swift */,
				4C77E2A81FA6A1ED00AF42B4 /* ViewController.swift */,
				4C77E2AA1FA6A1ED00AF42B4 /* Main.storyboard */,
				4C77E2AD1FA6A1ED00AF42B4 /* Assets.xcassets */,
				4C77E2AF1FA6A1ED00AF42B4 /* LaunchScreen.storyboard */,
				4C77E2B21FA6A1ED00AF42B4 /* Info.plist */,
				4C77E2D41FA6E8B000AF42B4 /* Geocache.swift */,
			);
			path = Lab3;
			sourceTree = "<group>";
		};
		4C77E2BA1FA6A1ED00AF42B4 /* Lab3Tests */ = {
			isa = PBXGroup;
			children = (
				4C77E2BB1FA6A1ED00AF42B4 /* Lab3Tests.swift */,
				4C77E2BD1FA6A1ED00AF42B4 /* Info.plist */,
			);
			path = Lab3Tests;
			sourceTree = "<group>";
		};
		4C77E2C51FA6A1ED00AF42B4 /* Lab3UITests */ = {
			isa = PBXGroup;
			children = (
				4C77E2C61FA6A1ED00AF42B4 /* Lab3UITests.swift */,
				4C77E2C81FA6A1ED00AF42B4 /* Info.plist */,
			);
			path = Lab3UITests;
			sourceTree = "<group>";
		};
/* End PBXGroup section */

/* Begin PBXNativeTarget section */
		4C77E2A21FA6A1ED00AF42B4 /* Lab3 */ = {
			isa = PBXNativeTarget;
			buildConfigurationList = 4C77E2CB1FA6A1ED00AF42B4 /* Build configuration list for PBXNativeTarget "Lab3" */;
			buildPhases = (
				4C77E29F1FA6A1ED00AF42B4 /* Sources */,
				4C77E2A01FA6A1ED00AF42B4 /* Frameworks */,
				4C77E2A11FA6A1ED00AF42B4 /* Resources */,
			);
			buildRules = (
			);
			dependencies = (
			);
			name = Lab3;
			productName = Lab3;
			productReference = 4C77E2A31FA6A1ED00AF42B4 /* Lab3.app */;
			productType = "com.apple.product-type.application";
		};
		4C77E2B61FA6A1ED00AF42B4 /* Lab3Tests */ = {
			isa = PBXNativeTarget;
			buildConfigurationList = 4C77E2CE1FA6A1ED00AF42B4 /* Build configuration list for PBXNativeTarget "Lab3Tests" */;
			buildPhases = (
				4C77E2B31FA6A1ED00AF42B4 /* Sources */,
				4C77E2B41FA6A1ED00AF42B4 /* Frameworks */,
				4C77E2B51FA6A1ED00AF42B4 /* Resources */,
			);
			buildRules = (
			);
			dependencies = (
				4C77E2B91FA6A1ED00AF42B4 /* PBXTargetDependency */,
			);
			name = Lab3Tests;
			productName = Lab3Tests;
			productReference = 4C77E2B71FA6A1ED00AF42B4 /* Lab3Tests.xctest */;
			productType = "com.apple.product-type.bundle.unit-test";
		};
		4C77E2C11FA6A1ED00AF42B4 /* Lab3UITests */ = {
			isa = PBXNativeTarget;
			buildConfigurationList = 4C77E2D11FA6A1ED00AF42B4 /* Build configuration list for PBXNativeTarget "Lab3UITests" */;
			buildPhases = (
				4C77E2BE1FA6A1ED00AF42B4 /* Sources */,
				4C77E2BF1FA6A1ED00AF42B4 /* Frameworks */,
				4C77E2C01FA6A1ED00AF42B4 /* Resources */,
			);
			buildRules = (
			);
			dependencies = (
				4C77E2C41FA6A1ED00AF42B4 /* PBXTargetDependency */,
			);
			name = Lab3UITests;
			productName = Lab3UITests;
			productReference = 4C77E2C21FA6A1ED00AF42B4 /* Lab3UITests.xctest */;
			productType = "com.apple.product-type.bundle.ui-testing";
		};
/* End PBXNativeTarget section */

/* Begin PBXProject section */
		4C77E29B1FA6A1ED00AF42B4 /* Project object */ = {
			isa = PBXProject;
			attributes = {
				LastSwiftUpdateCheck = 0900;
				LastUpgradeCheck = 0900;
				ORGANIZATIONNAME = "Jessica Choi";
				TargetAttributes = {
					4C77E2A21FA6A1ED00AF42B4 = {
						CreatedOnToolsVersion = 9.0;
						ProvisioningStyle = Automatic;
					};
					4C77E2B61FA6A1ED00AF42B4 = {
						CreatedOnToolsVersion = 9.0;
						ProvisioningStyle = Automatic;
						TestTargetID = 4C77E2A21FA6A1ED00AF42B4;
					};
					4C77E2C11FA6A1ED00AF42B4 = {
						CreatedOnToolsVersion = 9.0;
						ProvisioningStyle = Automatic;
						TestTargetID = 4C77E2A21FA6A1ED00AF42B4;
					};
				};
			};
			buildConfigurationList = 4C77E29E1FA6A1ED00AF42B4 /* Build configuration list for PBXProject "Lab3" */;
			compatibilityVersion = "Xcode 8.0";
			developmentRegion = en;
			hasScannedForEncodings = 0;
			knownRegions = (
				en,
				Base,
			);
			mainGroup = 4C77E29A1FA6A1ED00AF42B4;
			productRefGroup = 4C77E2A41FA6A1ED00AF42B4 /* Products */;
			projectDirPath = "";
			projectRoot = "";
			targets = (
				4C77E2A21FA6A1ED00AF42B4 /* Lab3 */,
				4C77E2B61FA6A1ED00AF42B4 /* Lab3Tests */,
				4C77E2C11FA6A1ED00AF42B4 /* Lab3UITests */,
			);
		};
/* End PBXProject section */

/* Begin PBXResourcesBuildPhase section */
		4C77E2A11FA6A1ED00AF42B4 /* Resources */ = {
			isa = PBXResourcesBuildPhase;
			buildActionMask = 2147483647;
			files = (
				4C77E2B11FA6A1ED00AF42B4 /* LaunchScreen.storyboard in Resources */,
				4C77E2AE1FA6A1ED00AF42B4 /* Assets.xcassets in Resources */,
				4C77E2AC1FA6A1ED00AF42B4 /* Main.storyboard in Resources */,
			);
			runOnlyForDeploymentPostprocessing = 0;
		};
		4C77E2B51FA6A1ED00AF42B4 /* Resources */ = {
			isa = PBXResourcesBuildPhase;
			buildActionMask = 2147483647;
			files = (
			);
			runOnlyForDeploymentPostprocessing = 0;
		};
		4C77E2C01FA6A1ED00AF42B4 /* Resources */ = {
			isa = PBXResourcesBuildPhase;
			buildActionMask = 2147483647;
			files = (
			);
			runOnlyForDeploymentPostprocessing = 0;
		};
/* End PBXResourcesBuildPhase section */

/* Begin PBXSourcesBuildPhase section */
		4C77E29F1FA6A1ED00AF42B4 /* Sources */ = {
			isa = PBXSourcesBuildPhase;
			buildActionMask = 2147483647;
			files = (
				4C77E2A91FA6A1ED00AF42B4 /* ViewController.swift in Sources */,
				4C77E2D51FA6E8B000AF42B4 /* Geocache.swift in Sources */,
				4C77E2A71FA6A1ED00AF42B4 /* AppDelegate.swift in Sources */,
			);
			runOnlyForDeploymentPostprocessing = 0;
		};
		4C77E2B31FA6A1ED00AF42B4 /* Sources */ = {
			isa = PBXSourcesBuildPhase;
			buildActionMask = 2147483647;
			files = (
				4C77E2BC1FA6A1ED00AF42B4 /* Lab3Tests.swift in Sources */,
			);
			runOnlyForDeploymentPostprocessing = 0;
		};
		4C77E2BE1FA6A1ED00AF42B4 /* Sources */ = {
			isa = PBXSourcesBuildPhase;
			buildActionMask = 2147483647;
			files = (
				4C77E2C71FA6A1ED00AF42B4 /* Lab3UITests.swift in Sources */,
			);
			runOnlyForDeploymentPostprocessing = 0;
		};
/* End PBXSourcesBuildPhase section */

/* Begin PBXTargetDependency section */
		4C77E2B91FA6A1ED00AF42B4 /* PBXTargetDependency */ = {
			isa = PBXTargetDependency;
			target = 4C77E2A21FA6A1ED00AF42B4 /* Lab3 */;
			targetProxy = 4C77E2B81FA6A1ED00AF42B4 /* PBXContainerItemProxy */;
		};
		4C77E2C41FA6A1ED00AF42B4 /* PBXTargetDependency */ = {
			isa = PBXTargetDependency;
			target = 4C77E2A21FA6A1ED00AF42B4 /* Lab3 */;
			targetProxy = 4C77E2C31FA6A1ED00AF42B4 /* PBXContainerItemProxy */;
		};
/* End PBXTargetDependency section */

/* Begin PBXVariantGroup section */
		4C77E2AA1FA6A1ED00AF42B4 /* Main.storyboard */ = {
			isa = PBXVariantGroup;
			children = (
				4C77E2AB1FA6A1ED00AF42B4 /* Base */,
			);
			name = Main.storyboard;
			sourceTree = "<group>";
		};
		4C77E2AF1FA6A1ED00AF42B4 /* LaunchScreen.storyboard */ = {
			isa = PBXVariantGroup;
			children = (
				4C77E2B01FA6A1ED00AF42B4 /* Base */,
			);
			name = LaunchScreen.storyboard;
			sourceTree = "<group>";
		};
/* End PBXVariantGroup section */

/* Begin XCBuildConfiguration section */
		4C77E2C91FA6A1ED00AF42B4 /* Debug */ = {
			isa = XCBuildConfiguration;
			buildSettings = {
				ALWAYS_SEARCH_USER_PATHS = NO;
				CLANG_ANALYZER_NONNULL = YES;
				CLANG_ANALYZER_NUMBER_OBJECT_CONVERSION = YES_AGGRESSIVE;
				CLANG_CXX_LANGUAGE_STANDARD = "gnu++14";
				CLANG_CXX_LIBRARY = "libc++";
				CLANG_ENABLE_MODULES = YES;
				CLANG_ENABLE_OBJC_ARC = YES;
				CLANG_WARN_BLOCK_CAPTURE_AUTORELEASING = YES;
				CLANG_WARN_BOOL_CONVERSION = YES;
				CLANG_WARN_COMMA = YES;
				CLANG_WARN_CONSTANT_CONVERSION = YES;
				CLANG_WARN_DIRECT_OBJC_ISA_USAGE = YES_ERROR;
				CLANG_WARN_DOCUMENTATION_COMMENTS = YES;
				CLANG_WARN_EMPTY_BODY = YES;
				CLANG_WARN_ENUM_CONVERSION = YES;
				CLANG_WARN_INFINITE_RECURSION = YES;
				CLANG_WARN_INT_CONVERSION = YES;
				CLANG_WARN_NON_LITERAL_NULL_CONVERSION = YES;
				CLANG_WARN_OBJC_LITERAL_CONVERSION = YES;
				CLANG_WARN_OBJC_ROOT_CLASS = YES_ERROR;
				CLANG_WARN_RANGE_LOOP_ANALYSIS = YES;
				CLANG_WARN_STRICT_PROTOTYPES = YES;
				CLANG_WARN_SUSPICIOUS_MOVE = YES;
				CLANG_WARN_UNGUARDED_AVAILABILITY = YES_AGGRESSIVE;
				CLANG_WARN_UNREACHABLE_CODE = YES;
				CLANG_WARN__DUPLICATE_METHOD_MATCH = YES;
				CODE_SIGN_IDENTITY = "iPhone Developer";
				COPY_PHASE_STRIP = NO;
				DEBUG_INFORMATION_FORMAT = dwarf;
				ENABLE_STRICT_OBJC_MSGSEND = YES;
				ENABLE_TESTABILITY = YES;
				GCC_C_LANGUAGE_STANDARD = gnu11;
				GCC_DYNAMIC_NO_PIC = NO;
				GCC_NO_COMMON_BLOCKS = YES;
				GCC_OPTIMIZATION_LEVEL = 0;
				GCC_PREPROCESSOR_DEFINITIONS = (
					"DEBUG=1",
					"$(inherited)",
				);
				GCC_WARN_64_TO_32_BIT_CONVERSION = YES;
				GCC_WARN_ABOUT_RETURN_TYPE = YES_ERROR;
				GCC_WARN_UNDECLARED_SELECTOR = YES;
				GCC_WARN_UNINITIALIZED_AUTOS = YES_AGGRESSIVE;
				GCC_WARN_UNUSED_FUNCTION = YES;
				GCC_WARN_UNUSED_VARIABLE = YES;
				IPHONEOS_DEPLOYMENT_TARGET = 11.0;
				MTL_ENABLE_DEBUG_INFO = YES;
				ONLY_ACTIVE_ARCH = YES;
				SDKROOT = iphoneos;
				SWIFT_ACTIVE_COMPILATION_CONDITIONS = DEBUG;
				SWIFT_OPTIMIZATION_LEVEL = "-Onone";
			};
			name = Debug;
		};
		4C77E2CA1FA6A1ED00AF42B4 /* Release */ = {
			isa = XCBuildConfiguration;
			buildSettings = {
				ALWAYS_SEARCH_USER_PATHS = NO;
				CLANG_ANALYZER_NONNULL = YES;
				CLANG_ANALYZER_NUMBER_OBJECT_CONVERSION = YES_AGGRESSIVE;
				CLANG_CXX_LANGUAGE_STANDARD = "gnu++14";
				CLANG_CXX_LIBRARY = "libc++";
				CLANG_ENABLE_MODULES = YES;
				CLANG_ENABLE_OBJC_ARC = YES;
				CLANG_WARN_BLOCK_CAPTURE_AUTORELEASING = YES;
				CLANG_WARN_BOOL_CONVERSION = YES;
				CLANG_WARN_COMMA = YES;
				CLANG_WARN_CONSTANT_CONVERSION = YES;
				CLANG_WARN_DIRECT_OBJC_ISA_USAGE = YES_ERROR;
				CLANG_WARN_DOCUMENTATION_COMMENTS = YES;
				CLANG_WARN_EMPTY_BODY = YES;
				CLANG_WARN_ENUM_CONVERSION = YES;
				CLANG_WARN_INFINITE_RECURSION = YES;
				CLANG_WARN_INT_CONVERSION = YES;
				CLANG_WARN_NON_LITERAL_NULL_CONVERSION = YES;
				CLANG_WARN_OBJC_LITERAL_CONVERSION = YES;
				CLANG_WARN_OBJC_ROOT_CLASS = YES_ERROR;
				CLANG_WARN_RANGE_LOOP_ANALYSIS = YES;
				CLANG_WARN_STRICT_PROTOTYPES = YES;
				CLANG_WARN_SUSPICIOUS_MOVE = YES;
				CLANG_WARN_UNGUARDED_AVAILABILITY = YES_AGGRESSIVE;
				CLANG_WARN_UNREACHABLE_CODE = YES;
				CLANG_WARN__DUPLICATE_METHOD_MATCH = YES;
				CODE_SIGN_IDENTITY = "iPhone Developer";
				COPY_PHASE_STRIP = NO;
				DEBUG_INFORMATION_FORMAT = "dwarf-with-dsym";
				ENABLE_NS_ASSERTIONS = NO;
				ENABLE_STRICT_OBJC_MSGSEND = YES;
				GCC_C_LANGUAGE_STANDARD = gnu11;
				GCC_NO_COMMON_BLOCKS = YES;
				GCC_WARN_64_TO_32_BIT_CONVERSION = YES;
				GCC_WARN_ABOUT_RETURN_TYPE = YES_ERROR;
				GCC_WARN_UNDECLARED_SELECTOR = YES;
				GCC_WARN_UNINITIALIZED_AUTOS = YES_AGGRESSIVE;
				GCC_WARN_UNUSED_FUNCTION = YES;
				GCC_WARN_UNUSED_VARIABLE = YES;
				IPHONEOS_DEPLOYMENT_TARGET = 11.0;
				MTL_ENABLE_DEBUG_INFO = NO;
				SDKROOT = iphoneos;
				SWIFT_OPTIMIZATION_LEVEL = "-Owholemodule";
				VALIDATE_PRODUCT = YES;
			};
			name = Release;
		};
		4C77E2CC1FA6A1ED00AF42B4 /* Debug */ = {
			isa = XCBuildConfiguration;
			buildSettings = {
				ASSETCATALOG_COMPILER_APPICON_NAME = AppIcon;
				CODE_SIGN_STYLE = Automatic;
				INFOPLIST_FILE = Lab3/Info.plist;
				LD_RUNPATH_SEARCH_PATHS = "$(inherited) @executable_path/Frameworks";
				PRODUCT_BUNDLE_IDENTIFIER = com.jchoi.Lab3;
				PRODUCT_NAME = "$(TARGET_NAME)";
				SWIFT_VERSION = 4.0;
				TARGETED_DEVICE_FAMILY = "1,2";
			};
			name = Debug;
		};
		4C77E2CD1FA6A1ED00AF42B4 /* Release */ = {
			isa = XCBuildConfiguration;
			buildSettings = {
				ASSETCATALOG_COMPILER_APPICON_NAME = AppIcon;
				CODE_SIGN_STYLE = Automatic;
				INFOPLIST_FILE = Lab3/Info.plist;
				LD_RUNPATH_SEARCH_PATHS = "$(inherited) @executable_path/Frameworks";
				PRODUCT_BUNDLE_IDENTIFIER = com.jchoi.Lab3;
				PRODUCT_NAME = "$(TARGET_NAME)";
				SWIFT_VERSION = 4.0;
				TARGETED_DEVICE_FAMILY = "1,2";
			};
			name = Release;
		};
		4C77E2CF1FA6A1ED00AF42B4 /* Debug */ = {
			isa = XCBuildConfiguration;
			buildSettings = {
				ALWAYS_EMBED_SWIFT_STANDARD_LIBRARIES = YES;
				BUNDLE_LOADER = "$(TEST_HOST)";
				CODE_SIGN_STYLE = Automatic;
				INFOPLIST_FILE = Lab3Tests/Info.plist;
				LD_RUNPATH_SEARCH_PATHS = "$(inherited) @executable_path/Frameworks @loader_path/Frameworks";
				PRODUCT_BUNDLE_IDENTIFIER = com.jchoi.Lab3Tests;
				PRODUCT_NAME = "$(TARGET_NAME)";
				SWIFT_VERSION = 4.0;
				TARGETED_DEVICE_FAMILY = "1,2";
				TEST_HOST = "$(BUILT_PRODUCTS_DIR)/Lab3.app/Lab3";
			};
			name = Debug;
		};
		4C77E2D01FA6A1ED00AF42B4 /* Release */ = {
			isa = XCBuildConfiguration;
			buildSettings = {
				ALWAYS_EMBED_SWIFT_STANDARD_LIBRARIES = YES;
				BUNDLE_LOADER = "$(TEST_HOST)";
				CODE_SIGN_STYLE = Automatic;
				INFOPLIST_FILE = Lab3Tests/Info.plist;
				LD_RUNPATH_SEARCH_PATHS = "$(inherited) @executable_path/Frameworks @loader_path/Frameworks";
				PRODUCT_BUNDLE_IDENTIFIER = com.jchoi.Lab3Tests;
				PRODUCT_NAME = "$(TARGET_NAME)";
				SWIFT_VERSION = 4.0;
				TARGETED_DEVICE_FAMILY = "1,2";
				TEST_HOST = "$(BUILT_PRODUCTS_DIR)/Lab3.app/Lab3";
			};
			name = Release;
		};
		4C77E2D21FA6A1ED00AF42B4 /* Debug */ = {
			isa = XCBuildConfiguration;
			buildSettings = {
				ALWAYS_EMBED_SWIFT_STANDARD_LIBRARIES = YES;
				CODE_SIGN_STYLE = Automatic;
				INFOPLIST_FILE = Lab3UITests/Info.plist;
				LD_RUNPATH_SEARCH_PATHS = "$(inherited) @executable_path/Frameworks @loader_path/Frameworks";
				PRODUCT_BUNDLE_IDENTIFIER = com.jchoi.Lab3UITests;
				PRODUCT_NAME = "$(TARGET_NAME)";
				SWIFT_VERSION = 4.0;
				TARGETED_DEVICE_FAMILY = "1,2";
				TEST_TARGET_NAME = Lab3;
			};
			name = Debug;
		};
		4C77E2D31FA6A1ED00AF42B4 /* Release */ = {
			isa = XCBuildConfiguration;
			buildSettings = {
				ALWAYS_EMBED_SWIFT_STANDARD_LIBRARIES = YES;
				CODE_SIGN_STYLE = Automatic;
				INFOPLIST_FILE = Lab3UITests/Info.plist;
				LD_RUNPATH_SEARCH_PATHS = "$(inherited) @executable_path/Frameworks @loader_path/Frameworks";
				PRODUCT_BUNDLE_IDENTIFIER = com.jchoi.Lab3UITests;
				PRODUCT_NAME = "$(TARGET_NAME)";
				SWIFT_VERSION = 4.0;
				TARGETED_DEVICE_FAMILY = "1,2";
				TEST_TARGET_NAME = Lab3;
			};
			name = Release;
		};
/* End XCBuildConfiguration section */

/* Begin XCConfigurationList section */
		4C77E29E1FA6A1ED00AF42B4 /* Build configuration list for PBXProject "Lab3" */ = {
			isa = XCConfigurationList;
			buildConfigurations = (
				4C77E2C91FA6A1ED00AF42B4 /* Debug */,
				4C77E2CA1FA6A1ED00AF42B4 /* Release */,
			);
			defaultConfigurationIsVisible = 0;
			defaultConfigurationName = Release;
		};
		4C77E2CB1FA6A1ED00AF42B4 /* Build configuration list for PBXNativeTarget "Lab3" */ = {
			isa = XCConfigurationList;
			buildConfigurations = (
				4C77E2CC1FA6A1ED00AF42B4 /* Debug */,
				4C77E2CD1FA6A1ED00AF42B4 /* Release */,
			);
			defaultConfigurationIsVisible = 0;
			defaultConfigurationName = Release;
		};
		4C77E2CE1FA6A1ED00AF42B4 /* Build configuration list for PBXNativeTarget "Lab3Tests" */ = {
			isa = XCConfigurationList;
			buildConfigurations = (
				4C77E2CF1FA6A1ED00AF42B4 /* Debug */,
				4C77E2D01FA6A1ED00AF42B4 /* Release */,
			);
			defaultConfigurationIsVisible = 0;
			defaultConfigurationName = Release;
		};
		4C77E2D11FA6A1ED00AF42B4 /* Build configuration list for PBXNativeTarget "Lab3UITests" */ = {
			isa = XCConfigurationList;
			buildConfigurations = (
				4C77E2D21FA6A1ED00AF42B4 /* Debug */,
				4C77E2D31FA6A1ED00AF42B4 /* Release */,
			);
			defaultConfigurationIsVisible = 0;
			defaultConfigurationName = Release;
		};
/* End XCConfigurationList section */
	};
	rootObject = 4C77E29B1FA6A1ED00AF42B4 /* Project object */;
}
